
Microsoft Visual Studio Solution File, Format Version 12.00
# Visual Studio 15
VisualStudioVersion = 15.0.28010.2050
MinimumVisualStudioVersion = 10.0.40219.1
Project("{FAE04EC0-301F-11D3-BF4B-00C04F79EFBC}") = "MonoHelloWorld", "MonoHelloWorld\MonoHelloWorld.csproj", "{788C01B2-AD96-4EA9-B5E9-2EB2267DCFEE}"
EndProject
Global
	GlobalSection(SolutionConfigurationPlatforms) = preSolution
		Debug|Any CPU = Debug|Any CPU
		Release|Any CPU = Release|Any CPU
	EndGlobalSection
	GlobalSection(ProjectConfigurationPlatforms) = postSolution
		{788C01B2-AD96-4EA9-B5E9-2EB2267DCFEE}.Debug|Any CPU.ActiveCfg = Debug|Any CPU
		{788C01B2-AD96-4EA9-B5E9-2EB2267DCFEE}.Debug|Any CPU.Build.0 = Debug|Any CPU
		{788C01B2-AD96-4EA9-B5E9-2EB2267DCFEE}.Release|Any CPU.ActiveCfg = Release|Any CPU
		{788C01B2-AD96-4EA9-B5E9-2EB2267DCFEE}.Release|Any CPU.Build.0 = Release|Any CPU
	EndGlobalSection
	GlobalSection(SolutionProperties) = preSolution
		HideSolutionNode = FALSE
	EndGlobalSection
	GlobalSection(ExtensibilityGlobals) = postSolution
		SolutionGuid = {760F3641-DD61-451B-B716-5ED45E27FF3A}
	EndGlobalSection
EndGlobal
