
Microsoft Visual Studio Solution File, Format Version 12.00
# Visual Studio 15
VisualStudioVersion = 15.0.28010.2050
MinimumVisualStudioVersion = 10.0.40219.1
Project("{FAE04EC0-301F-11D3-BF4B-00C04F79EFBC}") = "MonoNancyDataService", "MonoNancyDataService\MonoNancyDataService.csproj", "{08DF31F2-60AF-4C6D-8BB7-0A7CBB95C017}"
EndProject
Global
	GlobalSection(SolutionConfigurationPlatforms) = preSolution
		Debug|Any CPU = Debug|Any CPU
		Release|Any CPU = Release|Any CPU
	EndGlobalSection
	GlobalSection(ProjectConfigurationPlatforms) = postSolution
		{08DF31F2-60AF-4C6D-8BB7-0A7CBB95C017}.Debug|Any CPU.ActiveCfg = Debug|Any CPU
		{08DF31F2-60AF-4C6D-8BB7-0A7CBB95C017}.Debug|Any CPU.Build.0 = Debug|Any CPU
		{08DF31F2-60AF-4C6D-8BB7-0A7CBB95C017}.Release|Any CPU.ActiveCfg = Release|Any CPU
		{08DF31F2-60AF-4C6D-8BB7-0A7CBB95C017}.Release|Any CPU.Build.0 = Release|Any CPU
	EndGlobalSection
	GlobalSection(SolutionProperties) = preSolution
		HideSolutionNode = FALSE
	EndGlobalSection
	GlobalSection(ExtensibilityGlobals) = postSolution
		SolutionGuid = {27F0ED94-077C-4B44-89F8-BEC91BE83994}
	EndGlobalSection
EndGlobal
